
Microsoft Visual Studio Solution File, Format Version 12.00
# Visual Studio Version 17
VisualStudioVersion = 17.6.33829.357
MinimumVisualStudioVersion = 10.0.40219.1
Project("{FAE04EC0-301F-11D3-BF4B-00C04F79EFBC}") = "UCS.MeuDinheiro", "UCS.MeuDinheiro\UCS.MeuDinheiro.csproj", "{3DD8F583-8801-4BCC-B92C-E9707AF9F0A9}"
EndProject
Global
	GlobalSection(SolutionConfigurationPlatforms) = preSolution
		Debug|Any CPU = Debug|Any CPU
		Release|Any CPU = Release|Any CPU
	EndGlobalSection
	GlobalSection(ProjectConfigurationPlatforms) = postSolution
		{3DD8F583-8801-4BCC-B92C-E9707AF9F0A9}.Debug|Any CPU.ActiveCfg = Debug|Any CPU
		{3DD8F583-8801-4BCC-B92C-E9707AF9F0A9}.Debug|Any CPU.Build.0 = Debug|Any CPU
		{3DD8F583-8801-4BCC-B92C-E9707AF9F0A9}.Release|Any CPU.ActiveCfg = Release|Any CPU
		{3DD8F583-8801-4BCC-B92C-E9707AF9F0A9}.Release|Any CPU.Build.0 = Release|Any CPU
	EndGlobalSection
	GlobalSection(SolutionProperties) = preSolution
		HideSolutionNode = FALSE
	EndGlobalSection
	GlobalSection(ExtensibilityGlobals) = postSolution
		SolutionGuid = {77E4088C-8EC2-452D-9554-AAEDEB8C939E}
	EndGlobalSection
EndGlobal
